
Microsoft Visual Studio Solution File, Format Version 12.00
# Visual Studio 15
VisualStudioVersion = 15.0.27004.2006
MinimumVisualStudioVersion = 10.0.40219.1
Project("{FAE04EC0-301F-11D3-BF4B-00C04F79EFBC}") = "Domain", "Domain\Domain.csproj", "{DF888260-B1CC-4716-BA94-4DBF8D8EFC23}"
EndProject
Project("{FAE04EC0-301F-11D3-BF4B-00C04F79EFBC}") = "Contract", "Contract\Contract.csproj", "{3A2CB130-E96F-431A-BF27-586D259F9015}"
EndProject
Project("{FAE04EC0-301F-11D3-BF4B-00C04F79EFBC}") = "Service", "Service\Service.csproj", "{61BEE85D-5A91-477F-A192-90424B7F1D1A}"
EndProject
Project("{FAE04EC0-301F-11D3-BF4B-00C04F79EFBC}") = "ServiceHost", "ServiceHost\ServiceHost.csproj", "{809610BE-0762-452C-B2DA-B5BE2875D8E7}"
EndProject
Project("{FAE04EC0-301F-11D3-BF4B-00C04F79EFBC}") = "Client", "Client\Client.csproj", "{9D2F362D-98C2-4016-BCFE-E202D9C1D6D8}"
EndProject
Global
	GlobalSection(SolutionConfigurationPlatforms) = preSolution
		Debug|Any CPU = Debug|Any CPU
		Release|Any CPU = Release|Any CPU
	EndGlobalSection
	GlobalSection(ProjectConfigurationPlatforms) = postSolution
		{DF888260-B1CC-4716-BA94-4DBF8D8EFC23}.Debug|Any CPU.ActiveCfg = Debug|Any CPU
		{DF888260-B1CC-4716-BA94-4DBF8D8EFC23}.Debug|Any CPU.Build.0 = Debug|Any CPU
		{DF888260-B1CC-4716-BA94-4DBF8D8EFC23}.Release|Any CPU.ActiveCfg = Release|Any CPU
		{DF888260-B1CC-4716-BA94-4DBF8D8EFC23}.Release|Any CPU.Build.0 = Release|Any CPU
		{3A2CB130-E96F-431A-BF27-586D259F9015}.Debug|Any CPU.ActiveCfg = Debug|Any CPU
		{3A2CB130-E96F-431A-BF27-586D259F9015}.Debug|Any CPU.Build.0 = Debug|Any CPU
		{3A2CB130-E96F-431A-BF27-586D259F9015}.Release|Any CPU.ActiveCfg = Release|Any CPU
		{3A2CB130-E96F-431A-BF27-586D259F9015}.Release|Any CPU.Build.0 = Release|Any CPU
		{61BEE85D-5A91-477F-A192-90424B7F1D1A}.Debug|Any CPU.ActiveCfg = Debug|Any CPU
		{61BEE85D-5A91-477F-A192-90424B7F1D1A}.Debug|Any CPU.Build.0 = Debug|Any CPU
		{61BEE85D-5A91-477F-A192-90424B7F1D1A}.Release|Any CPU.ActiveCfg = Release|Any CPU
		{61BEE85D-5A91-477F-A192-90424B7F1D1A}.Release|Any CPU.Build.0 = Release|Any CPU
		{809610BE-0762-452C-B2DA-B5BE2875D8E7}.Debug|Any CPU.ActiveCfg = Debug|Any CPU
		{809610BE-0762-452C-B2DA-B5BE2875D8E7}.Debug|Any CPU.Build.0 = Debug|Any CPU
		{809610BE-0762-452C-B2DA-B5BE2875D8E7}.Release|Any CPU.ActiveCfg = Release|Any CPU
		{809610BE-0762-452C-B2DA-B5BE2875D8E7}.Release|Any CPU.Build.0 = Release|Any CPU
		{9D2F362D-98C2-4016-BCFE-E202D9C1D6D8}.Debug|Any CPU.ActiveCfg = Debug|Any CPU
		{9D2F362D-98C2-4016-BCFE-E202D9C1D6D8}.Debug|Any CPU.Build.0 = Debug|Any CPU
		{9D2F362D-98C2-4016-BCFE-E202D9C1D6D8}.Release|Any CPU.ActiveCfg = Release|Any CPU
		{9D2F362D-98C2-4016-BCFE-E202D9C1D6D8}.Release|Any CPU.Build.0 = Release|Any CPU
	EndGlobalSection
	GlobalSection(SolutionProperties) = preSolution
		HideSolutionNode = FALSE
	EndGlobalSection
	GlobalSection(ExtensibilityGlobals) = postSolution
		SolutionGuid = {0A13A5BE-C791-40A9-A857-4B7A7F78A1EB}
	EndGlobalSection
EndGlobal
